
Microsoft Visual Studio Solution File, Format Version 12.00
# Visual Studio Version 16
VisualStudioVersion = 16.0.31729.503
MinimumVisualStudioVersion = 10.0.40219.1
Project("{FAE04EC0-301F-11D3-BF4B-00C04F79EFBC}") = "ex4-7", "ex4-7\ex4-7.csproj", "{910B52E6-5DEE-42BE-B129-E0360243CFFE}"
EndProject
Global
	GlobalSection(SolutionConfigurationPlatforms) = preSolution
		Debug|Any CPU = Debug|Any CPU
		Release|Any CPU = Release|Any CPU
	EndGlobalSection
	GlobalSection(ProjectConfigurationPlatforms) = postSolution
		{910B52E6-5DEE-42BE-B129-E0360243CFFE}.Debug|Any CPU.ActiveCfg = Debug|Any CPU
		{910B52E6-5DEE-42BE-B129-E0360243CFFE}.Debug|Any CPU.Build.0 = Debug|Any CPU
		{910B52E6-5DEE-42BE-B129-E0360243CFFE}.Release|Any CPU.ActiveCfg = Release|Any CPU
		{910B52E6-5DEE-42BE-B129-E0360243CFFE}.Release|Any CPU.Build.0 = Release|Any CPU
	EndGlobalSection
	GlobalSection(SolutionProperties) = preSolution
		HideSolutionNode = FALSE
	EndGlobalSection
	GlobalSection(ExtensibilityGlobals) = postSolution
		SolutionGuid = {C04A9669-C802-4C39-9BF9-B8F4549FB3A6}
	EndGlobalSection
EndGlobal
