
Microsoft Visual Studio Solution File, Format Version 12.00
# Visual Studio Version 16
VisualStudioVersion = 16.0.31729.503
MinimumVisualStudioVersion = 10.0.40219.1
Project("{FAE04EC0-301F-11D3-BF4B-00C04F79EFBC}") = "ex1-3", "ex1-3\ex1-3.csproj", "{56D24134-58A5-41F1-A866-3CEFB9C20DBB}"
EndProject
Global
	GlobalSection(SolutionConfigurationPlatforms) = preSolution
		Debug|Any CPU = Debug|Any CPU
		Release|Any CPU = Release|Any CPU
	EndGlobalSection
	GlobalSection(ProjectConfigurationPlatforms) = postSolution
		{56D24134-58A5-41F1-A866-3CEFB9C20DBB}.Debug|Any CPU.ActiveCfg = Debug|Any CPU
		{56D24134-58A5-41F1-A866-3CEFB9C20DBB}.Debug|Any CPU.Build.0 = Debug|Any CPU
		{56D24134-58A5-41F1-A866-3CEFB9C20DBB}.Release|Any CPU.ActiveCfg = Release|Any CPU
		{56D24134-58A5-41F1-A866-3CEFB9C20DBB}.Release|Any CPU.Build.0 = Release|Any CPU
	EndGlobalSection
	GlobalSection(SolutionProperties) = preSolution
		HideSolutionNode = FALSE
	EndGlobalSection
	GlobalSection(ExtensibilityGlobals) = postSolution
		SolutionGuid = {26786A63-6819-4478-A1C8-E4F5FF467513}
	EndGlobalSection
EndGlobal
