
Microsoft Visual Studio Solution File, Format Version 12.00
# Visual Studio Version 16
VisualStudioVersion = 16.0.31729.503
MinimumVisualStudioVersion = 10.0.40219.1
Project("{FAE04EC0-301F-11D3-BF4B-00C04F79EFBC}") = "Ex-Fix-Listas", "Ex-Fix-Listas\Ex-Fix-Listas.csproj", "{DFF20346-9D6F-43B8-A223-70A22D3F0AA9}"
EndProject
Global
	GlobalSection(SolutionConfigurationPlatforms) = preSolution
		Debug|Any CPU = Debug|Any CPU
		Release|Any CPU = Release|Any CPU
	EndGlobalSection
	GlobalSection(ProjectConfigurationPlatforms) = postSolution
		{DFF20346-9D6F-43B8-A223-70A22D3F0AA9}.Debug|Any CPU.ActiveCfg = Debug|Any CPU
		{DFF20346-9D6F-43B8-A223-70A22D3F0AA9}.Debug|Any CPU.Build.0 = Debug|Any CPU
		{DFF20346-9D6F-43B8-A223-70A22D3F0AA9}.Release|Any CPU.ActiveCfg = Release|Any CPU
		{DFF20346-9D6F-43B8-A223-70A22D3F0AA9}.Release|Any CPU.Build.0 = Release|Any CPU
	EndGlobalSection
	GlobalSection(SolutionProperties) = preSolution
		HideSolutionNode = FALSE
	EndGlobalSection
	GlobalSection(ExtensibilityGlobals) = postSolution
		SolutionGuid = {2AD75787-7ABF-4000-ACB1-F3846BE17145}
	EndGlobalSection
EndGlobal
