
Microsoft Visual Studio Solution File, Format Version 12.00
# Visual Studio Version 16
VisualStudioVersion = 16.0.31729.503
MinimumVisualStudioVersion = 10.0.40219.1
Project("{FAE04EC0-301F-11D3-BF4B-00C04F79EFBC}") = "ExFix-Abst", "ExFix-Abst\ExFix-Abst.csproj", "{6B754983-9C8C-428B-A3BD-56E96FD17D1C}"
EndProject
Global
	GlobalSection(SolutionConfigurationPlatforms) = preSolution
		Debug|Any CPU = Debug|Any CPU
		Release|Any CPU = Release|Any CPU
	EndGlobalSection
	GlobalSection(ProjectConfigurationPlatforms) = postSolution
		{6B754983-9C8C-428B-A3BD-56E96FD17D1C}.Debug|Any CPU.ActiveCfg = Debug|Any CPU
		{6B754983-9C8C-428B-A3BD-56E96FD17D1C}.Debug|Any CPU.Build.0 = Debug|Any CPU
		{6B754983-9C8C-428B-A3BD-56E96FD17D1C}.Release|Any CPU.ActiveCfg = Release|Any CPU
		{6B754983-9C8C-428B-A3BD-56E96FD17D1C}.Release|Any CPU.Build.0 = Release|Any CPU
	EndGlobalSection
	GlobalSection(SolutionProperties) = preSolution
		HideSolutionNode = FALSE
	EndGlobalSection
	GlobalSection(ExtensibilityGlobals) = postSolution
		SolutionGuid = {87630825-4032-4A3B-B09E-6319321438C0}
	EndGlobalSection
EndGlobal
