
Microsoft Visual Studio Solution File, Format Version 12.00
# Visual Studio Version 16
VisualStudioVersion = 16.0.31729.503
MinimumVisualStudioVersion = 10.0.40219.1
Project("{FAE04EC0-301F-11D3-BF4B-00C04F79EFBC}") = "ex3-3", "ex3-3\ex3-3.csproj", "{D28266D9-57D4-4AA6-AA98-7EFAFF9AE7C3}"
EndProject
Global
	GlobalSection(SolutionConfigurationPlatforms) = preSolution
		Debug|Any CPU = Debug|Any CPU
		Release|Any CPU = Release|Any CPU
	EndGlobalSection
	GlobalSection(ProjectConfigurationPlatforms) = postSolution
		{D28266D9-57D4-4AA6-AA98-7EFAFF9AE7C3}.Debug|Any CPU.ActiveCfg = Debug|Any CPU
		{D28266D9-57D4-4AA6-AA98-7EFAFF9AE7C3}.Debug|Any CPU.Build.0 = Debug|Any CPU
		{D28266D9-57D4-4AA6-AA98-7EFAFF9AE7C3}.Release|Any CPU.ActiveCfg = Release|Any CPU
		{D28266D9-57D4-4AA6-AA98-7EFAFF9AE7C3}.Release|Any CPU.Build.0 = Release|Any CPU
	EndGlobalSection
	GlobalSection(SolutionProperties) = preSolution
		HideSolutionNode = FALSE
	EndGlobalSection
	GlobalSection(ExtensibilityGlobals) = postSolution
		SolutionGuid = {02604212-84CC-418A-9911-3B7A38EF1D8B}
	EndGlobalSection
EndGlobal
