
Microsoft Visual Studio Solution File, Format Version 12.00
# Visual Studio Version 16
VisualStudioVersion = 16.0.31729.503
MinimumVisualStudioVersion = 10.0.40219.1
Project("{FAE04EC0-301F-11D3-BF4B-00C04F79EFBC}") = "exFIXpoo-01", "exFIXpoo-01\exFIXpoo-01.csproj", "{C3AF6E4A-3921-4367-96BC-5963AA247358}"
EndProject
Global
	GlobalSection(SolutionConfigurationPlatforms) = preSolution
		Debug|Any CPU = Debug|Any CPU
		Release|Any CPU = Release|Any CPU
	EndGlobalSection
	GlobalSection(ProjectConfigurationPlatforms) = postSolution
		{C3AF6E4A-3921-4367-96BC-5963AA247358}.Debug|Any CPU.ActiveCfg = Debug|Any CPU
		{C3AF6E4A-3921-4367-96BC-5963AA247358}.Debug|Any CPU.Build.0 = Debug|Any CPU
		{C3AF6E4A-3921-4367-96BC-5963AA247358}.Release|Any CPU.ActiveCfg = Release|Any CPU
		{C3AF6E4A-3921-4367-96BC-5963AA247358}.Release|Any CPU.Build.0 = Release|Any CPU
	EndGlobalSection
	GlobalSection(SolutionProperties) = preSolution
		HideSolutionNode = FALSE
	EndGlobalSection
	GlobalSection(ExtensibilityGlobals) = postSolution
		SolutionGuid = {CC221D55-5629-4FC4-82B5-0DFAA923FCDA}
	EndGlobalSection
EndGlobal
